PODS:
  - Iconic (1.2)

DEPENDENCIES:
  - Iconic (from `https://github.com/dzenbot/Iconic.git`, tag `1.3`)

EXTERNAL SOURCES:
  Iconic:
    :git: https://github.com/dzenbot/Iconic.git
    :tag: '1.3'

CHECKOUT OPTIONS:
  Iconic:
    :git: https://github.com/dzenbot/Iconic.git
    :tag: '1.3'

SPEC CHECKSUMS:
  Iconic: 03d941cfad0c499ba0cde153cfbea6de6487f936

PODFILE CHECKSUM: 56678e6ac40c065019c6f71f20e45b34e8ab4930

COCOAPODS: 1.2.0
