// !$*UTF8*$!
{
	archiveVersion = 1;
	classes = {
	};
	objectVersion = 46;
	objects = {

/* Begin PBXBuildFile section */
		7D1D877D1E300CA8009144BB /* GameKit.framework in Frameworks */ = {isa = PBXBuildFile; fileRef = 7D1D877C1E300CA8009144BB /* GameKit.framework */; };
		7D2D8A071E55C228004EF899 /* Rise03.wav in Resources */ = {isa = PBXBuildFile; fileRef = 7D2D8A051E55C228004EF899 /* Rise03.wav */; };
		7D2D8A081E55C228004EF899 /* Downer01.wav in Resources */ = {isa = PBXBuildFile; fileRef = 7D2D8A061E55C228004EF899 /* Downer01.wav */; };
		7D3EC1001E1F0F690084953E /* GameHelper.swift in Sources */ = {isa = PBXBuildFile; fileRef = 7D3EC0FF1E1F0F690084953E /* GameHelper.swift */; };
		7D470D4D1E1D202E000BF4F0 /* README.md in Resources */ = {isa = PBXBuildFile; fileRef = 7D470D4C1E1D202E000BF4F0 /* README.md */; };
		7D71ADB41E4E32220088E962 /* GameOverlayScene.swift in Sources */ = {isa = PBXBuildFile; fileRef = 7D71ADB31E4E32220088E962 /* GameOverlayScene.swift */; };
		7DAE20371E1DB5B40095956C /* cities.plist in Resources */ = {isa = PBXBuildFile; fileRef = 7DAE20361E1DB5B40095956C /* cities.plist */; };
		7DAE203B1E1DB7CF0095956C /* Cities.swift in Sources */ = {isa = PBXBuildFile; fileRef = 7DAE203A1E1DB7CF0095956C /* Cities.swift */; };
		7DD903F81E33AEA900760688 /* GameScene.swift in Sources */ = {isa = PBXBuildFile; fileRef = 7DD903F71E33AEA900760688 /* GameScene.swift */; };
		7DDE0DD71E3256EF009951D1 /* earth.scn in Resources */ = {isa = PBXBuildFile; fileRef = 7DDE0DD61E3256EF009951D1 /* earth.scn */; };
		7DE794E91E3D7861006FCF54 /* 2_no_clouds_4k.jpg in Resources */ = {isa = PBXBuildFile; fileRef = 7DE794E41E3D7860006FCF54 /* 2_no_clouds_4k.jpg */; };
		7DE794EA1E3D7861006FCF54 /* elev_bump_4k.jpg in Resources */ = {isa = PBXBuildFile; fileRef = 7DE794E51E3D7860006FCF54 /* elev_bump_4k.jpg */; };
		7DE794EB1E3D7861006FCF54 /* fair_clouds_4k.png in Resources */ = {isa = PBXBuildFile; fileRef = 7DE794E61E3D7860006FCF54 /* fair_clouds_4k.png */; };
		7DE794ED1E3D7861006FCF54 /* water_4k.png in Resources */ = {isa = PBXBuildFile; fileRef = 7DE794E81E3D7860006FCF54 /* water_4k.png */; };
		7DE904CB1E0FCB90004BBF85 /* MenuOverlayScene.swift in Sources */ = {isa = PBXBuildFile; fileRef = 7DE904CA1E0FCB90004BBF85 /* MenuOverlayScene.swift */; };
		7DE932401E55E90A007CB28C /* BlueLineLoopFixed.mp3 in Resources */ = {isa = PBXBuildFile; fileRef = 7DE9323F1E55E90A007CB28C /* BlueLineLoopFixed.mp3 */; };
		7DEABB051DE8F59A0047AE42 /* AppDelegate.swift in Sources */ = {isa = PBXBuildFile; fileRef = 7DEABB041DE8F59A0047AE42 /* AppDelegate.swift */; };
		7DEABB071DE8F59A0047AE42 /* art.scnassets in Resources */ = {isa = PBXBuildFile; fileRef = 7DEABB061DE8F59A0047AE42 /* art.scnassets */; };
		7DEABB091DE8F59A0047AE42 /* GameViewController.swift in Sources */ = {isa = PBXBuildFile; fileRef = 7DEABB081DE8F59A0047AE42 /* GameViewController.swift */; };
		7DEABB0C1DE8F59A0047AE42 /* Main.storyboard in Resources */ = {isa = PBXBuildFile; fileRef = 7DEABB0A1DE8F59A0047AE42 /* Main.storyboard */; };
		7DEABB0E1DE8F59A0047AE42 /* Assets.xcassets in Resources */ = {isa = PBXBuildFile; fileRef = 7DEABB0D1DE8F59A0047AE42 /* Assets.xcassets */; };
		7DEABB111DE8F59A0047AE42 /* LaunchScreen.storyboard in Resources */ = {isa = PBXBuildFile; fileRef = 7DEABB0F1DE8F59A0047AE42 /* LaunchScreen.storyboard */; };
		7DEABB1C1DE8F59A0047AE42 /* GuessCityTests.swift in Sources */ = {isa = PBXBuildFile; fileRef = 7DEABB1B1DE8F59A0047AE42 /* GuessCityTests.swift */; };
		7DEABB271DE8F59A0047AE42 /* GuessCityUITests.swift in Sources */ = {isa = PBXBuildFile; fileRef = 7DEABB261DE8F59A0047AE42 /* GuessCityUITests.swift */; };
		A945BC021D903572544E98A5 /* Pods_GuessCity.framework in Frameworks */ = {isa = PBXBuildFile; fileRef = 72F873599BC3986510578AD5 /* Pods_GuessCity.framework */; };
/* End PBXBuildFile section */

/* Begin PBXContainerItemProxy section */
		7DEABB181DE8F59A0047AE42 /* PBXContainerItemProxy */ = {
			isa = PBXContainerItemProxy;
			containerPortal = 7DEABAF91DE8F59A0047AE42 /* Project object */;
			proxyType = 1;
			remoteGlobalIDString = 7DEABB001DE8F59A0047AE42;
			remoteInfo = GuessCity;
		};
		7DEABB231DE8F59A0047AE42 /* PBXContainerItemProxy */ = {
			isa = PBXContainerItemProxy;
			containerPortal = 7DEABAF91DE8F59A0047AE42 /* Project object */;
			proxyType = 1;
			remoteGlobalIDString = 7DEABB001DE8F59A0047AE42;
			remoteInfo = GuessCity;
		};
/* End PBXContainerItemProxy section */

/* Begin PBXFileReference section */
		0907D90C123F30525B04C68E /* Pods-GuessCity.release.xcconfig */ = {isa = PBXFileReference; includeInIndex = 1; lastKnownFileType = text.xcconfig; name = "Pods-GuessCity.release.xcconfig"; path = "Pods/Target Support Files/Pods-GuessCity/Pods-GuessCity.release.xcconfig"; sourceTree = "<group>"; };
		72F873599BC3986510578AD5 /* Pods_GuessCity.framework */ = {isa = PBXFileReference; explicitFileType = wrapper.framework; includeInIndex = 0; path = Pods_GuessCity.framework; sourceTree = BUILT_PRODUCTS_DIR; };
		7D1D877C1E300CA8009144BB /* GameKit.framework */ = {isa = PBXFileReference; lastKnownFileType = wrapper.framework; name = GameKit.framework; path = System/Library/Frameworks/GameKit.framework; sourceTree = SDKROOT; };
		7D1D877E1E300D34009144BB /* StoreKit.framework */ = {isa = PBXFileReference; lastKnownFileType = wrapper.framework; name = StoreKit.framework; path = System/Library/Frameworks/StoreKit.framework; sourceTree = SDKROOT; };
		7D2D8A051E55C228004EF899 /* Rise03.wav */ = {isa = PBXFileReference; lastKnownFileType = audio.wav; path = Rise03.wav; sourceTree = "<group>"; };
		7D2D8A061E55C228004EF899 /* Downer01.wav */ = {isa = PBXFileReference; lastKnownFileType = audio.wav; path = Downer01.wav; sourceTree = "<group>"; };
		7D3EC0FF1E1F0F690084953E /* GameHelper.swift */ = {isa = PBXFileReference; fileEncoding = 4; lastKnownFileType = sourcecode.swift; name = GameHelper.swift; path = ../GameHelper.swift; sourceTree = "<group>"; };
		7D470D4C1E1D202E000BF4F0 /* README.md */ = {isa = PBXFileReference; fileEncoding = 4; lastKnownFileType = net.daringfireball.markdown; path = README.md; sourceTree = "<group>"; };
		7D71ADB31E4E32220088E962 /* GameOverlayScene.swift */ = {isa = PBXFileReference; fileEncoding = 4; lastKnownFileType = sourcecode.swift; path = GameOverlayScene.swift; sourceTree = "<group>"; };
		7DAE20361E1DB5B40095956C /* cities.plist */ = {isa = PBXFileReference; fileEncoding = 4; lastKnownFileType = text.plist.xml; path = cities.plist; sourceTree = "<group>"; };
		7DAE203A1E1DB7CF0095956C /* Cities.swift */ = {isa = PBXFileReference; fileEncoding = 4; lastKnownFileType = sourcecode.swift; path = Cities.swift; sourceTree = "<group>"; };
		7DD903F71E33AEA900760688 /* GameScene.swift */ = {isa = PBXFileReference; fileEncoding = 4; lastKnownFileType = sourcecode.swift; name = GameScene.swift; path = ../GameScene.swift; sourceTree = "<group>"; };
		7DDE0DD61E3256EF009951D1 /* earth.scn */ = {isa = PBXFileReference; lastKnownFileType = file.bplist; name = earth.scn; path = ../earth.scn; sourceTree = "<group>"; };
		7DE794E41E3D7860006FCF54 /* 2_no_clouds_4k.jpg */ = {isa = PBXFileReference; lastKnownFileType = image.jpeg; path = 2_no_clouds_4k.jpg; sourceTree = "<group>"; };
		7DE794E51E3D7860006FCF54 /* elev_bump_4k.jpg */ = {isa = PBXFileReference; lastKnownFileType = image.jpeg; path = elev_bump_4k.jpg; sourceTree = "<group>"; };
		7DE794E61E3D7860006FCF54 /* fair_clouds_4k.png */ = {isa = PBXFileReference; lastKnownFileType = image.png; path = fair_clouds_4k.png; sourceTree = "<group>"; };
		7DE794E81E3D7860006FCF54 /* water_4k.png */ = {isa = PBXFileReference; lastKnownFileType = image.png; path = water_4k.png; sourceTree = "<group>"; };
		7DE904CA1E0FCB90004BBF85 /* MenuOverlayScene.swift */ = {isa = PBXFileReference; fileEncoding = 4; lastKnownFileType = sourcecode.swift; path = MenuOverlayScene.swift; sourceTree = "<group>"; };
		7DE9323F1E55E90A007CB28C /* BlueLineLoopFixed.mp3 */ = {isa = PBXFileReference; lastKnownFileType = audio.mp3; path = BlueLineLoopFixed.mp3; sourceTree = "<group>"; };
		7DEABB011DE8F59A0047AE42 /* GuessCity.app */ = {isa = PBXFileReference; explicitFileType = wrapper.application; includeInIndex = 0; path = GuessCity.app; sourceTree = BUILT_PRODUCTS_DIR; };
		7DEABB041DE8F59A0047AE42 /* AppDelegate.swift */ = {isa = PBXFileReference; lastKnownFileType = sourcecode.swift; path = AppDelegate.swift; sourceTree = "<group>"; };
		7DEABB061DE8F59A0047AE42 /* art.scnassets */ = {isa = PBXFileReference; lastKnownFileType = wrapper.scnassets; path = art.scnassets; sourceTree = "<group>"; };
		7DEABB081DE8F59A0047AE42 /* GameViewController.swift */ = {isa = PBXFileReference; lastKnownFileType = sourcecode.swift; path = GameViewController.swift; sourceTree = "<group>"; };
		7DEABB0B1DE8F59A0047AE42 /* Base */ = {isa = PBXFileReference; lastKnownFileType = file.storyboard; name = Base; path = Base.lproj/Main.storyboard; sourceTree = "<group>"; };
		7DEABB0D1DE8F59A0047AE42 /* Assets.xcassets */ = {isa = PBXFileReference; lastKnownFileType = folder.assetcatalog; path = Assets.xcassets; sourceTree = "<group>"; };
		7DEABB101DE8F59A0047AE42 /* Base */ = {isa = PBXFileReference; lastKnownFileType = file.storyboard; name = Base; path = Base.lproj/LaunchScreen.storyboard; sourceTree = "<group>"; };
		7DEABB121DE8F59A0047AE42 /* Info.plist */ = {isa = PBXFileReference; lastKnownFileType = text.plist.xml; path = Info.plist; sourceTree = "<group>"; };
		7DEABB171DE8F59A0047AE42 /* GuessCityTests.xctest */ = {isa = PBXFileReference; explicitFileType = wrapper.cfbundle; includeInIndex = 0; path = GuessCityTests.xctest; sourceTree = BUILT_PRODUCTS_DIR; };
		7DEABB1B1DE8F59A0047AE42 /* GuessCityTests.swift */ = {isa = PBXFileReference; lastKnownFileType = sourcecode.swift; path = GuessCityTests.swift; sourceTree = "<group>"; };
		7DEABB1D1DE8F59A0047AE42 /* Info.plist */ = {isa = PBXFileReference; lastKnownFileType = text.plist.xml; path = Info.plist; sourceTree = "<group>"; };
		7DEABB221DE8F59A0047AE42 /* GuessCityUITests.xctest */ = {isa = PBXFileReference; explicitFileType = wrapper.cfbundle; includeInIndex = 0; path = GuessCityUITests.xctest; sourceTree = BUILT_PRODUCTS_DIR; };
		7DEABB261DE8F59A0047AE42 /* GuessCityUITests.swift */ = {isa = PBXFileReference; lastKnownFileType = sourcecode.swift; path = GuessCityUITests.swift; sourceTree = "<group>"; };
		7DEABB281DE8F59A0047AE42 /* Info.plist */ = {isa = PBXFileReference; lastKnownFileType = text.plist.xml; path = Info.plist; sourceTree = "<group>"; };
		93FE328ADBB6F93E93815A18 /* Pods-GuessCity.debug.xcconfig */ = {isa = PBXFileReference; includeInIndex = 1; lastKnownFileType = text.xcconfig; name = "Pods-GuessCity.debug.xcconfig"; path = "Pods/Target Support Files/Pods-GuessCity/Pods-GuessCity.debug.xcconfig"; sourceTree = "<group>"; };
/* End PBXFileReference section */

/* Begin PBXFrameworksBuildPhase section */
		7DEABAFE1DE8F59A0047AE42 /* Frameworks */ = {
			isa = PBXFrameworksBuildPhase;
			buildActionMask = 2147483647;
			files = (
				7D1D877D1E300CA8009144BB /* GameKit.framework in Frameworks */,
				A945BC021D903572544E98A5 /* Pods_GuessCity.framework in Frameworks */,
			);
			runOnlyForDeploymentPostprocessing = 0;
		};
		7DEABB141DE8F59A0047AE42 /* Frameworks */ = {
			isa = PBXFrameworksBuildPhase;
			buildActionMask = 2147483647;
			files = (
			);
			runOnlyForDeploymentPostprocessing = 0;
		};
		7DEABB1F1DE8F59A0047AE42 /* Frameworks */ = {
			isa = PBXFrameworksBuildPhase;
			buildActionMask = 2147483647;
			files = (
			);
			runOnlyForDeploymentPostprocessing = 0;
		};
/* End PBXFrameworksBuildPhase section */

/* Begin PBXGroup section */
		7D1D877B1E300CA8009144BB /* Frameworks */ = {
			isa = PBXGroup;
			children = (
				7D1D877E1E300D34009144BB /* StoreKit.framework */,
				7D1D877C1E300CA8009144BB /* GameKit.framework */,
				72F873599BC3986510578AD5 /* Pods_GuessCity.framework */,
			);
			name = Frameworks;
			sourceTree = "<group>";
		};
		7D593BD01DE9A98B00695554 /* Textures */ = {
			isa = PBXGroup;
			children = (
				7DE794E41E3D7860006FCF54 /* 2_no_clouds_4k.jpg */,
				7DE794E51E3D7860006FCF54 /* elev_bump_4k.jpg */,
				7DE794E61E3D7860006FCF54 /* fair_clouds_4k.png */,
				7DE794E81E3D7860006FCF54 /* water_4k.png */,
			);
			name = Textures;
			sourceTree = "<group>";
		};
		7D593BD11DE9B03300695554 /* Resources */ = {
			isa = PBXGroup;
			children = (
				7DE9323F1E55E90A007CB28C /* BlueLineLoopFixed.mp3 */,
				7D2D8A051E55C228004EF899 /* Rise03.wav */,
				7D2D8A061E55C228004EF899 /* Downer01.wav */,
				7DDE0DD61E3256EF009951D1 /* earth.scn */,
				7DAE20361E1DB5B40095956C /* cities.plist */,
				7D593BD01DE9A98B00695554 /* Textures */,
			);
			name = Resources;
			sourceTree = "<group>";
		};
		7DEABAF81DE8F59A0047AE42 = {
			isa = PBXGroup;
			children = (
				7D470D4C1E1D202E000BF4F0 /* README.md */,
				7DEABB031DE8F59A0047AE42 /* GuessCity */,
				7DEABB1A1DE8F59A0047AE42 /* GuessCityTests */,
				7DEABB251DE8F59A0047AE42 /* GuessCityUITests */,
				7DEABB021DE8F59A0047AE42 /* Products */,
				7D1D877B1E300CA8009144BB /* Frameworks */,
				D6CB019EE7C479D7305A02A0 /* Pods */,
			);
			sourceTree = "<group>";
		};
		7DEABB021DE8F59A0047AE42 /* Products */ = {
			isa = PBXGroup;
			children = (
				7DEABB011DE8F59A0047AE42 /* GuessCity.app */,
				7DEABB171DE8F59A0047AE42 /* GuessCityTests.xctest */,
				7DEABB221DE8F59A0047AE42 /* GuessCityUITests.xctest */,
			);
			name = Products;
			sourceTree = "<group>";
		};
		7DEABB031DE8F59A0047AE42 /* GuessCity */ = {
			isa = PBXGroup;
			children = (
				7DEABB0D1DE8F59A0047AE42 /* Assets.xcassets */,
				7DEABB061DE8F59A0047AE42 /* art.scnassets */,
				7D593BD11DE9B03300695554 /* Resources */,
				7DD903F71E33AEA900760688 /* GameScene.swift */,
				7DE904CA1E0FCB90004BBF85 /* MenuOverlayScene.swift */,
				7D71ADB31E4E32220088E962 /* GameOverlayScene.swift */,
				7DEABB041DE8F59A0047AE42 /* AppDelegate.swift */,
				7DEABB081DE8F59A0047AE42 /* GameViewController.swift */,
				7D3EC0FF1E1F0F690084953E /* GameHelper.swift */,
				7DAE203A1E1DB7CF0095956C /* Cities.swift */,
				7DEABB0A1DE8F59A0047AE42 /* Main.storyboard */,
				7DEABB0F1DE8F59A0047AE42 /* LaunchScreen.storyboard */,
				7DEABB121DE8F59A0047AE42 /* Info.plist */,
			);
			path = GuessCity;
			sourceTree = "<group>";
		};
		7DEABB1A1DE8F59A0047AE42 /* GuessCityTests */ = {
			isa = PBXGroup;
			children = (
				7DEABB1B1DE8F59A0047AE42 /* GuessCityTests.swift */,
				7DEABB1D1DE8F59A0047AE42 /* Info.plist */,
			);
			path = GuessCityTests;
			sourceTree = "<group>";
		};
		7DEABB251DE8F59A0047AE42 /* GuessCityUITests */ = {
			isa = PBXGroup;
			children = (
				7DEABB261DE8F59A0047AE42 /* GuessCityUITests.swift */,
				7DEABB281DE8F59A0047AE42 /* Info.plist */,
			);
			path = GuessCityUITests;
			sourceTree = "<group>";
		};
		D6CB019EE7C479D7305A02A0 /* Pods */ = {
			isa = PBXGroup;
			children = (
				93FE328ADBB6F93E93815A18 /* Pods-GuessCity.debug.xcconfig */,
				0907D90C123F30525B04C68E /* Pods-GuessCity.release.xcconfig */,
			);
			name = Pods;
			sourceTree = "<group>";
		};
/* End PBXGroup section */

/* Begin PBXNativeTarget section */
		7DEABB001DE8F59A0047AE42 /* GuessCity */ = {
			isa = PBXNativeTarget;
			buildConfigurationList = 7DEABB2B1DE8F59A0047AE42 /* Build configuration list for PBXNativeTarget "GuessCity" */;
			buildPhases = (
				F616679EF083DF81904E5388 /* [CP] Check Pods Manifest.lock */,
				7DEABAFD1DE8F59A0047AE42 /* Sources */,
				7DEABAFE1DE8F59A0047AE42 /* Frameworks */,
				7DEABAFF1DE8F59A0047AE42 /* Resources */,
				9088E28F1A85DBD547E048D6 /* [CP] Embed Pods Frameworks */,
				4E504CE06F4B97ED6759C1AA /* [CP] Copy Pods Resources */,
			);
			buildRules = (
			);
			dependencies = (
			);
			name = GuessCity;
			productName = GuessCity;
			productReference = 7DEABB011DE8F59A0047AE42 /* GuessCity.app */;
			productType = "com.apple.product-type.application";
		};
		7DEABB161DE8F59A0047AE42 /* GuessCityTests */ = {
			isa = PBXNativeTarget;
			buildConfigurationList = 7DEABB2E1DE8F59A0047AE42 /* Build configuration list for PBXNativeTarget "GuessCityTests" */;
			buildPhases = (
				7DEABB131DE8F59A0047AE42 /* Sources */,
				7DEABB141DE8F59A0047AE42 /* Frameworks */,
				7DEABB151DE8F59A0047AE42 /* Resources */,
			);
			buildRules = (
			);
			dependencies = (
				7DEABB191DE8F59A0047AE42 /* PBXTargetDependency */,
			);
			name = GuessCityTests;
			productName = GuessCityTests;
			productReference = 7DEABB171DE8F59A0047AE42 /* GuessCityTests.xctest */;
			productType = "com.apple.product-type.bundle.unit-test";
		};
		7DEABB211DE8F59A0047AE42 /* GuessCityUITests */ = {
			isa = PBXNativeTarget;
			buildConfigurationList = 7DEABB311DE8F59A0047AE42 /* Build configuration list for PBXNativeTarget "GuessCityUITests" */;
			buildPhases = (
				7DEABB1E1DE8F59A0047AE42 /* Sources */,
				7DEABB1F1DE8F59A0047AE42 /* Frameworks */,
				7DEABB201DE8F59A0047AE42 /* Resources */,
			);
			buildRules = (
			);
			dependencies = (
				7DEABB241DE8F59A0047AE42 /* PBXTargetDependency */,
			);
			name = GuessCityUITests;
			productName = GuessCityUITests;
			productReference = 7DEABB221DE8F59A0047AE42 /* GuessCityUITests.xctest */;
			productType = "com.apple.product-type.bundle.ui-testing";
		};
/* End PBXNativeTarget section */

/* Begin PBXProject section */
		7DEABAF91DE8F59A0047AE42 /* Project object */ = {
			isa = PBXProject;
			attributes = {
				LastSwiftUpdateCheck = 0810;
				LastUpgradeCheck = 0820;
				ORGANIZATIONNAME = "Vladimir Cirkovic";
				TargetAttributes = {
					7DEABB001DE8F59A0047AE42 = {
						CreatedOnToolsVersion = 8.1;
						DevelopmentTeam = ZXF6S9LSXH;
						ProvisioningStyle = Automatic;
						SystemCapabilities = {
							com.apple.GameCenter = {
								enabled = 1;
							};
							com.apple.InAppPurchase = {
								enabled = 1;
							};
						};
					};
					7DEABB161DE8F59A0047AE42 = {
						CreatedOnToolsVersion = 8.1;
						DevelopmentTeam = ZXF6S9LSXH;
						ProvisioningStyle = Automatic;
						TestTargetID = 7DEABB001DE8F59A0047AE42;
					};
					7DEABB211DE8F59A0047AE42 = {
						CreatedOnToolsVersion = 8.1;
						DevelopmentTeam = ZXF6S9LSXH;
						ProvisioningStyle = Automatic;
						TestTargetID = 7DEABB001DE8F59A0047AE42;
					};
				};
			};
			buildConfigurationList = 7DEABAFC1DE8F59A0047AE42 /* Build configuration list for PBXProject "GuessCity" */;
			compatibilityVersion = "Xcode 3.2";
			developmentRegion = English;
			hasScannedForEncodings = 0;
			knownRegions = (
				en,
				Base,
			);
			mainGroup = 7DEABAF81DE8F59A0047AE42;
			productRefGroup = 7DEABB021DE8F59A0047AE42 /* Products */;
			projectDirPath = "";
			projectRoot = "";
			targets = (
				7DEABB001DE8F59A0047AE42 /* GuessCity */,
				7DEABB161DE8F59A0047AE42 /* GuessCityTests */,
				7DEABB211DE8F59A0047AE42 /* GuessCityUITests */,
			);
		};
/* End PBXProject section */

/* Begin PBXResourcesBuildPhase section */
		7DEABAFF1DE8F59A0047AE42 /* Resources */ = {
			isa = PBXResourcesBuildPhase;
			buildActionMask = 2147483647;
			files = (
				7DE794ED1E3D7861006FCF54 /* water_4k.png in Resources */,
				7D2D8A081E55C228004EF899 /* Downer01.wav in Resources */,
				7DE794E91E3D7861006FCF54 /* 2_no_clouds_4k.jpg in Resources */,
				7D470D4D1E1D202E000BF4F0 /* README.md in Resources */,
				7DAE20371E1DB5B40095956C /* cities.plist in Resources */,
				7D2D8A071E55C228004EF899 /* Rise03.wav in Resources */,
				7DEABB071DE8F59A0047AE42 /* art.scnassets in Resources */,
				7DEABB111DE8F59A0047AE42 /* LaunchScreen.storyboard in Resources */,
				7DEABB0E1DE8F59A0047AE42 /* Assets.xcassets in Resources */,
				7DDE0DD71E3256EF009951D1 /* earth.scn in Resources */,
				7DE794EB1E3D7861006FCF54 /* fair_clouds_4k.png in Resources */,
				7DEABB0C1DE8F59A0047AE42 /* Main.storyboard in Resources */,
				7DE794EA1E3D7861006FCF54 /* elev_bump_4k.jpg in Resources */,
				7DE932401E55E90A007CB28C /* BlueLineLoopFixed.mp3 in Resources */,
			);
			runOnlyForDeploymentPostprocessing = 0;
		};
		7DEABB151DE8F59A0047AE42 /* Resources */ = {
			isa = PBXResourcesBuildPhase;
			buildActionMask = 2147483647;
			files = (
			);
			runOnlyForDeploymentPostprocessing = 0;
		};
		7DEABB201DE8F59A0047AE42 /* Resources */ = {
			isa = PBXResourcesBuildPhase;
			buildActionMask = 2147483647;
			files = (
			);
			runOnlyForDeploymentPostprocessing = 0;
		};
/* End PBXResourcesBuildPhase section */

/* Begin PBXShellScriptBuildPhase section */
		4E504CE06F4B97ED6759C1AA /* [CP] Copy Pods Resources */ = {
			isa = PBXShellScriptBuildPhase;
			buildActionMask = 2147483647;
			files = (
			);
			inputPaths = (
			);
			name = "[CP] Copy Pods Resources";
			outputPaths = (
			);
			runOnlyForDeploymentPostprocessing = 0;
			shellPath = /bin/sh;
			shellScript = "\"${SRCROOT}/Pods/Target Support Files/Pods-GuessCity/Pods-GuessCity-resources.sh\"\n";
			showEnvVarsInLog = 0;
		};
		9088E28F1A85DBD547E048D6 /* [CP] Embed Pods Frameworks */ = {
			isa = PBXShellScriptBuildPhase;
			buildActionMask = 2147483647;
			files = (
			);
			inputPaths = (
			);
			name = "[CP] Embed Pods Frameworks";
			outputPaths = (
			);
			runOnlyForDeploymentPostprocessing = 0;
			shellPath = /bin/sh;
			shellScript = "\"${SRCROOT}/Pods/Target Support Files/Pods-GuessCity/Pods-GuessCity-frameworks.sh\"\n";
			showEnvVarsInLog = 0;
		};
		F616679EF083DF81904E5388 /* [CP] Check Pods Manifest.lock */ = {
			isa = PBXShellScriptBuildPhase;
			buildActionMask = 2147483647;
			files = (
			);
			inputPaths = (
			);
			name = "[CP] Check Pods Manifest.lock";
			outputPaths = (
			);
			runOnlyForDeploymentPostprocessing = 0;
			shellPath = /bin/sh;
			shellScript = "diff \"${PODS_ROOT}/../Podfile.lock\" \"${PODS_ROOT}/Manifest.lock\" > /dev/null\nif [ $? != 0 ] ; then\n    # print error to STDERR\n    echo \"error: The sandbox is not in sync with the Podfile.lock. Run 'pod install' or update your CocoaPods installation.\" >&2\n    exit 1\nfi\n";
			showEnvVarsInLog = 0;
		};
/* End PBXShellScriptBuildPhase section */

/* Begin PBXSourcesBuildPhase section */
		7DEABAFD1DE8F59A0047AE42 /* Sources */ = {
			isa = PBXSourcesBuildPhase;
			buildActionMask = 2147483647;
			files = (
				7DD903F81E33AEA900760688 /* GameScene.swift in Sources */,
				7DAE203B1E1DB7CF0095956C /* Cities.swift in Sources */,
				7DEABB091DE8F59A0047AE42 /* GameViewController.swift in Sources */,
				7D71ADB41E4E32220088E962 /* GameOverlayScene.swift in Sources */,
				7DEABB051DE8F59A0047AE42 /* AppDelegate.swift in Sources */,
				7DE904CB1E0FCB90004BBF85 /* MenuOverlayScene.swift in Sources */,
				7D3EC1001E1F0F690084953E /* GameHelper.swift in Sources */,
			);
			runOnlyForDeploymentPostprocessing = 0;
		};
		7DEABB131DE8F59A0047AE42 /* Sources */ = {
			isa = PBXSourcesBuildPhase;
			buildActionMask = 2147483647;
			files = (
				7DEABB1C1DE8F59A0047AE42 /* GuessCityTests.swift in Sources */,
			);
			runOnlyForDeploymentPostprocessing = 0;
		};
		7DEABB1E1DE8F59A0047AE42 /* Sources */ = {
			isa = PBXSourcesBuildPhase;
			buildActionMask = 2147483647;
			files = (
				7DEABB271DE8F59A0047AE42 /* GuessCityUITests.swift in Sources */,
			);
			runOnlyForDeploymentPostprocessing = 0;
		};
/* End PBXSourcesBuildPhase section */

/* Begin PBXTargetDependency section */
		7DEABB191DE8F59A0047AE42 /* PBXTargetDependency */ = {
			isa = PBXTargetDependency;
			target = 7DEABB001DE8F59A0047AE42 /* GuessCity */;
			targetProxy = 7DEABB181DE8F59A0047AE42 /* PBXContainerItemProxy */;
		};
		7DEABB241DE8F59A0047AE42 /* PBXTargetDependency */ = {
			isa = PBXTargetDependency;
			target = 7DEABB001DE8F59A0047AE42 /* GuessCity */;
			targetProxy = 7DEABB231DE8F59A0047AE42 /* PBXContainerItemProxy */;
		};
/* End PBXTargetDependency section */

/* Begin PBXVariantGroup section */
		7DEABB0A1DE8F59A0047AE42 /* Main.storyboard */ = {
			isa = PBXVariantGroup;
			children = (
				7DEABB0B1DE8F59A0047AE42 /* Base */,
			);
			name = Main.storyboard;
			sourceTree = "<group>";
		};
		7DEABB0F1DE8F59A0047AE42 /* LaunchScreen.storyboard */ = {
			isa = PBXVariantGroup;
			children = (
				7DEABB101DE8F59A0047AE42 /* Base */,
			);
			name = LaunchScreen.storyboard;
			sourceTree = "<group>";
		};
/* End PBXVariantGroup section */

/* Begin XCBuildConfiguration section */
		7DEABB291DE8F59A0047AE42 /* Debug */ = {
			isa = XCBuildConfiguration;
			buildSettings = {
				ALWAYS_SEARCH_USER_PATHS = NO;
				CLANG_ANALYZER_NONNULL = YES;
				CLANG_CXX_LANGUAGE_STANDARD = "gnu++0x";
				CLANG_CXX_LIBRARY = "libc++";
				CLANG_ENABLE_MODULES = YES;
				CLANG_ENABLE_OBJC_ARC = YES;
				CLANG_WARN_BOOL_CONVERSION = YES;
				CLANG_WARN_CONSTANT_CONVERSION = YES;
				CLANG_WARN_DIRECT_OBJC_ISA_USAGE = YES_ERROR;
				CLANG_WARN_DOCUMENTATION_COMMENTS = YES;
				CLANG_WARN_EMPTY_BODY = YES;
				CLANG_WARN_ENUM_CONVERSION = YES;
				CLANG_WARN_INFINITE_RECURSION = YES;
				CLANG_WARN_INT_CONVERSION = YES;
				CLANG_WARN_OBJC_ROOT_CLASS = YES_ERROR;
				CLANG_WARN_SUSPICIOUS_MOVE = YES;
				CLANG_WARN_SUSPICIOUS_MOVES = YES;
				CLANG_WARN_UNREACHABLE_CODE = YES;
				CLANG_WARN__DUPLICATE_METHOD_MATCH = YES;
				"CODE_SIGN_IDENTITY[sdk=iphoneos*]" = "iPhone Developer";
				COPY_PHASE_STRIP = NO;
				DEBUG_INFORMATION_FORMAT = dwarf;
				ENABLE_STRICT_OBJC_MSGSEND = YES;
				ENABLE_TESTABILITY = YES;
				GCC_C_LANGUAGE_STANDARD = gnu99;
				GCC_DYNAMIC_NO_PIC = NO;
				GCC_NO_COMMON_BLOCKS = YES;
				GCC_OPTIMIZATION_LEVEL = 0;
				GCC_PREPROCESSOR_DEFINITIONS = (
					"DEBUG=1",
					"$(inherited)",
				);
				GCC_WARN_64_TO_32_BIT_CONVERSION = YES;
				GCC_WARN_ABOUT_RETURN_TYPE = YES_ERROR;
				GCC_WARN_UNDECLARED_SELECTOR = YES;
				GCC_WARN_UNINITIALIZED_AUTOS = YES_AGGRESSIVE;
				GCC_WARN_UNUSED_FUNCTION = YES;
				GCC_WARN_UNUSED_VARIABLE = YES;
				IPHONEOS_DEPLOYMENT_TARGET = 10.1;
				MTL_ENABLE_DEBUG_INFO = YES;
				ONLY_ACTIVE_ARCH = YES;
				SDKROOT = iphoneos;
				SWIFT_ACTIVE_COMPILATION_CONDITIONS = DEBUG;
				SWIFT_OPTIMIZATION_LEVEL = "-Onone";
			};
			name = Debug;
		};
		7DEABB2A1DE8F59A0047AE42 /* Release */ = {
			isa = XCBuildConfiguration;
			buildSettings = {
				ALWAYS_SEARCH_USER_PATHS = NO;
				CLANG_ANALYZER_NONNULL = YES;
				CLANG_CXX_LANGUAGE_STANDARD = "gnu++0x";
				CLANG_CXX_LIBRARY = "libc++";
				CLANG_ENABLE_MODULES = YES;
				CLANG_ENABLE_OBJC_ARC = YES;
				CLANG_WARN_BOOL_CONVERSION = YES;
				CLANG_WARN_CONSTANT_CONVERSION = YES;
				CLANG_WARN_DIRECT_OBJC_ISA_USAGE = YES_ERROR;
				CLANG_WARN_DOCUMENTATION_COMMENTS = YES;
				CLANG_WARN_EMPTY_BODY = YES;
				CLANG_WARN_ENUM_CONVERSION = YES;
				CLANG_WARN_INFINITE_RECURSION = YES;
				CLANG_WARN_INT_CONVERSION = YES;
				CLANG_WARN_OBJC_ROOT_CLASS = YES_ERROR;
				CLANG_WARN_SUSPICIOUS_MOVE = YES;
				CLANG_WARN_SUSPICIOUS_MOVES = YES;
				CLANG_WARN_UNREACHABLE_CODE = YES;
				CLANG_WARN__DUPLICATE_METHOD_MATCH = YES;
				"CODE_SIGN_IDENTITY[sdk=iphoneos*]" = "iPhone Developer";
				COPY_PHASE_STRIP = NO;
				DEBUG_INFORMATION_FORMAT = "dwarf-with-dsym";
				ENABLE_NS_ASSERTIONS = NO;
				ENABLE_STRICT_OBJC_MSGSEND = YES;
				GCC_C_LANGUAGE_STANDARD = gnu99;
				GCC_NO_COMMON_BLOCKS = YES;
				GCC_WARN_64_TO_32_BIT_CONVERSION = YES;
				GCC_WARN_ABOUT_RETURN_TYPE = YES_ERROR;
				GCC_WARN_UNDECLARED_SELECTOR = YES;
				GCC_WARN_UNINITIALIZED_AUTOS = YES_AGGRESSIVE;
				GCC_WARN_UNUSED_FUNCTION = YES;
				GCC_WARN_UNUSED_VARIABLE = YES;
				IPHONEOS_DEPLOYMENT_TARGET = 10.1;
				MTL_ENABLE_DEBUG_INFO = NO;
				SDKROOT = iphoneos;
				SWIFT_OPTIMIZATION_LEVEL = "-Owholemodule";
				VALIDATE_PRODUCT = YES;
			};
			name = Release;
		};
		7DEABB2C1DE8F59A0047AE42 /* Debug */ = {
			isa = XCBuildConfiguration;
			baseConfigurationReference = 93FE328ADBB6F93E93815A18 /* Pods-GuessCity.debug.xcconfig */;
			buildSettings = {
				ASSETCATALOG_COMPILER_APPICON_NAME = AppIcon;
				DEVELOPMENT_TEAM = ZXF6S9LSXH;
				INFOPLIST_FILE = GuessCity/Info.plist;
				LD_RUNPATH_SEARCH_PATHS = "$(inherited) @executable_path/Frameworks";
				PRODUCT_BUNDLE_IDENTIFIER = com.solipsist.guesscity.GuessCity;
				PRODUCT_NAME = "$(TARGET_NAME)";
				SWIFT_VERSION = 3.0;
			};
			name = Debug;
		};
		7DEABB2D1DE8F59A0047AE42 /* Release */ = {
			isa = XCBuildConfiguration;
			baseConfigurationReference = 0907D90C123F30525B04C68E /* Pods-GuessCity.release.xcconfig */;
			buildSettings = {
				ASSETCATALOG_COMPILER_APPICON_NAME = AppIcon;
				DEVELOPMENT_TEAM = ZXF6S9LSXH;
				INFOPLIST_FILE = GuessCity/Info.plist;
				LD_RUNPATH_SEARCH_PATHS = "$(inherited) @executable_path/Frameworks";
				PRODUCT_BUNDLE_IDENTIFIER = com.solipsist.guesscity.GuessCity;
				PRODUCT_NAME = "$(TARGET_NAME)";
				SWIFT_VERSION = 3.0;
			};
			name = Release;
		};
		7DEABB2F1DE8F59A0047AE42 /* Debug */ = {
			isa = XCBuildConfiguration;
			buildSettings = {
				ALWAYS_EMBED_SWIFT_STANDARD_LIBRARIES = YES;
				BUNDLE_LOADER = "$(TEST_HOST)";
				DEVELOPMENT_TEAM = ZXF6S9LSXH;
				INFOPLIST_FILE = GuessCityTests/Info.plist;
				LD_RUNPATH_SEARCH_PATHS = "$(inherited) @executable_path/Frameworks @loader_path/Frameworks";
				PRODUCT_BUNDLE_IDENTIFIER = com.solipsist.guesscity.GuessCityTests;
				PRODUCT_NAME = "$(TARGET_NAME)";
				SWIFT_VERSION = 3.0;
				TEST_HOST = "$(BUILT_PRODUCTS_DIR)/GuessCity.app/GuessCity";
			};
			name = Debug;
		};
		7DEABB301DE8F59A0047AE42 /* Release */ = {
			isa = XCBuildConfiguration;
			buildSettings = {
				ALWAYS_EMBED_SWIFT_STANDARD_LIBRARIES = YES;
				BUNDLE_LOADER = "$(TEST_HOST)";
				DEVELOPMENT_TEAM = ZXF6S9LSXH;
				INFOPLIST_FILE = GuessCityTests/Info.plist;
				LD_RUNPATH_SEARCH_PATHS = "$(inherited) @executable_path/Frameworks @loader_path/Frameworks";
				PRODUCT_BUNDLE_IDENTIFIER = com.solipsist.guesscity.GuessCityTests;
				PRODUCT_NAME = "$(TARGET_NAME)";
				SWIFT_VERSION = 3.0;
				TEST_HOST = "$(BUILT_PRODUCTS_DIR)/GuessCity.app/GuessCity";
			};
			name = Release;
		};
		7DEABB321DE8F59A0047AE42 /* Debug */ = {
			isa = XCBuildConfiguration;
			buildSettings = {
				ALWAYS_EMBED_SWIFT_STANDARD_LIBRARIES = YES;
				DEVELOPMENT_TEAM = ZXF6S9LSXH;
				INFOPLIST_FILE = GuessCityUITests/Info.plist;
				LD_RUNPATH_SEARCH_PATHS = "$(inherited) @executable_path/Frameworks @loader_path/Frameworks";
				PRODUCT_BUNDLE_IDENTIFIER = com.solipsist.guesscity.GuessCityUITests;
				PRODUCT_NAME = "$(TARGET_NAME)";
				SWIFT_VERSION = 3.0;
				TEST_TARGET_NAME = GuessCity;
			};
			name = Debug;
		};
		7DEABB331DE8F59A0047AE42 /* Release */ = {
			isa = XCBuildConfiguration;
			buildSettings = {
				ALWAYS_EMBED_SWIFT_STANDARD_LIBRARIES = YES;
				DEVELOPMENT_TEAM = ZXF6S9LSXH;
				INFOPLIST_FILE = GuessCityUITests/Info.plist;
				LD_RUNPATH_SEARCH_PATHS = "$(inherited) @executable_path/Frameworks @loader_path/Frameworks";
				PRODUCT_BUNDLE_IDENTIFIER = com.solipsist.guesscity.GuessCityUITests;
				PRODUCT_NAME = "$(TARGET_NAME)";
				SWIFT_VERSION = 3.0;
				TEST_TARGET_NAME = GuessCity;
			};
			name = Release;
		};
/* End XCBuildConfiguration section */

/* Begin XCConfigurationList section */
		7DEABAFC1DE8F59A0047AE42 /* Build configuration list for PBXProject "GuessCity" */ = {
			isa = XCConfigurationList;
			buildConfigurations = (
				7DEABB291DE8F59A0047AE42 /* Debug */,
				7DEABB2A1DE8F59A0047AE42 /* Release */,
			);
			defaultConfigurationIsVisible = 0;
			defaultConfigurationName = Release;
		};
		7DEABB2B1DE8F59A0047AE42 /* Build configuration list for PBXNativeTarget "GuessCity" */ = {
			isa = XCConfigurationList;
			buildConfigurations = (
				7DEABB2C1DE8F59A0047AE42 /* Debug */,
				7DEABB2D1DE8F59A0047AE42 /* Release */,
			);
			defaultConfigurationIsVisible = 0;
			defaultConfigurationName = Release;
		};
		7DEABB2E1DE8F59A0047AE42 /* Build configuration list for PBXNativeTarget "GuessCityTests" */ = {
			isa = XCConfigurationList;
			buildConfigurations = (
				7DEABB2F1DE8F59A0047AE42 /* Debug */,
				7DEABB301DE8F59A0047AE42 /* Release */,
			);
			defaultConfigurationIsVisible = 0;
			defaultConfigurationName = Release;
		};
		7DEABB311DE8F59A0047AE42 /* Build configuration list for PBXNativeTarget "GuessCityUITests" */ = {
			isa = XCConfigurationList;
			buildConfigurations = (
				7DEABB321DE8F59A0047AE42 /* Debug */,
				7DEABB331DE8F59A0047AE42 /* Release */,
			);
			defaultConfigurationIsVisible = 0;
			defaultConfigurationName = Release;
		};
/* End XCConfigurationList section */
	};
	rootObject = 7DEABAF91DE8F59A0047AE42 /* Project object */;
}
